{
  "name": "angular-askrobot-widget-dodo",
  "version": "0.0.1",
  "lockfileVersion": 1,
  "requires": true,
  "dependencies": {
    "@microsoft/fetch-event-source": {
      "version": "2.0.1",
      "resolved": "https://registry.npmjs.org/@microsoft/fetch-event-source/-/fetch-event-source-2.0.1.tgz",
      "integrity": "sha512-W6CLUJ2eBMw3Rec70qrsEW0jOm/3twwJv21mrmj2yORiaVmVYGS4sSS5yUwvQc1ZlDLYGPnClVWmUUMagKNsfA=="
    },
    "@types/marked": {
      "version": "6.0.0",
      "resolved": "https://registry.npmjs.org/@types/marked/-/marked-6.0.0.tgz",
      "integrity": "sha512-jmjpa4BwUsmhxcfsgUit/7A9KbrC48Q0q8KvnY107ogcjGgTFDlIL3RpihNpx2Mu1hM4mdFQjoVc4O6JoGKHsA==",
      "dev": true,
      "requires": {
        "marked": "*"
      }
    },
    "marked": {
      "version": "12.0.2",
      "resolved": "https://registry.npmjs.org/marked/-/marked-12.0.2.tgz",
      "integrity": "sha512-qXUm7e/YKFoqFPYPa3Ukg9xlI5cyAtGmyEIzMfW//m6kXwCy2Ps9DYf5ioijFKQ8qyuscrHoY04iJGctu2Kg0Q=="
    }
  }
}
